
Microsoft Visual Studio Solution File, Format Version 12.00
# Visual Studio Version 17
VisualStudioVersion = 17.4.33213.308
MinimumVisualStudioVersion = 10.0.40219.1
Project("{9A19103F-16F7-4668-BE54-9A1E7A4F7556}") = "ION_ProjectExtractWeb", "ION_ProjectExtractWeb\ION_ProjectExtractWeb.csproj", "{D6EC5050-1EB9-4303-A174-6ED741A6E567}"
EndProject
Project("{9A19103F-16F7-4668-BE54-9A1E7A4F7556}") = "ION_ProjectExtractLibrary", "ION_ProjectExtractLibrary\ION_ProjectExtractLibrary.csproj", "{B0DCCF17-7EB0-4EFC-9406-03E371D429E2}"
EndProject
Project("{9A19103F-16F7-4668-BE54-9A1E7A4F7556}") = "ION_ProjectExtractConsole", "ION_ProjectExtractConsole\ION_ProjectExtractConsole.csproj", "{A59BFFBC-5829-46F4-A164-47926D41EFC1}"
EndProject
Global
	GlobalSection(SolutionConfigurationPlatforms) = preSolution
		Debug|Any CPU = Debug|Any CPU
		Release|Any CPU = Release|Any CPU
	EndGlobalSection
	GlobalSection(ProjectConfigurationPlatforms) = postSolution
		{D6EC5050-1EB9-4303-A174-6ED741A6E567}.Debug|Any CPU.ActiveCfg = Debug|Any CPU
		{D6EC5050-1EB9-4303-A174-6ED741A6E567}.Debug|Any CPU.Build.0 = Debug|Any CPU
		{D6EC5050-1EB9-4303-A174-6ED741A6E567}.Release|Any CPU.ActiveCfg = Release|Any CPU
		{D6EC5050-1EB9-4303-A174-6ED741A6E567}.Release|Any CPU.Build.0 = Release|Any CPU
		{B0DCCF17-7EB0-4EFC-9406-03E371D429E2}.Debug|Any CPU.ActiveCfg = Debug|Any CPU
		{B0DCCF17-7EB0-4EFC-9406-03E371D429E2}.Debug|Any CPU.Build.0 = Debug|Any CPU
		{B0DCCF17-7EB0-4EFC-9406-03E371D429E2}.Release|Any CPU.ActiveCfg = Release|Any CPU
		{B0DCCF17-7EB0-4EFC-9406-03E371D429E2}.Release|Any CPU.Build.0 = Release|Any CPU
		{A59BFFBC-5829-46F4-A164-47926D41EFC1}.Debug|Any CPU.ActiveCfg = Debug|Any CPU
		{A59BFFBC-5829-46F4-A164-47926D41EFC1}.Debug|Any CPU.Build.0 = Debug|Any CPU
		{A59BFFBC-5829-46F4-A164-47926D41EFC1}.Release|Any CPU.ActiveCfg = Release|Any CPU
		{A59BFFBC-5829-46F4-A164-47926D41EFC1}.Release|Any CPU.Build.0 = Release|Any CPU
	EndGlobalSection
	GlobalSection(SolutionProperties) = preSolution
		HideSolutionNode = FALSE
	EndGlobalSection
	GlobalSection(ExtensibilityGlobals) = postSolution
		SolutionGuid = {87F960A7-A738-4FF8-B119-DAE6D5C14730}
	EndGlobalSection
EndGlobal
